
Microsoft Visual Studio Solution File, Format Version 12.00
# Visual Studio Version 16
VisualStudioVersion = 16.0.29920.165
MinimumVisualStudioVersion = 10.0.40219.1
Project("{FAE04EC0-301F-11D3-BF4B-00C04F79EFBC}") = "Instagram 1000 Followers 23.04.20", "Instagram 1000 Followers 23.04.20.csproj", "{49D8DB35-D182-4B25-AA1F-3CF89FB22342}"
EndProject
Global
	GlobalSection(SolutionConfigurationPlatforms) = preSolution
		Debug|Any CPU = Debug|Any CPU
		Release|Any CPU = Release|Any CPU
	EndGlobalSection
	GlobalSection(ProjectConfigurationPlatforms) = postSolution
		{49D8DB35-D182-4B25-AA1F-3CF89FB22342}.Debug|Any CPU.ActiveCfg = Debug|Any CPU
		{49D8DB35-D182-4B25-AA1F-3CF89FB22342}.Debug|Any CPU.Build.0 = Debug|Any CPU
		{49D8DB35-D182-4B25-AA1F-3CF89FB22342}.Release|Any CPU.ActiveCfg = Release|Any CPU
		{49D8DB35-D182-4B25-AA1F-3CF89FB22342}.Release|Any CPU.Build.0 = Release|Any CPU
	EndGlobalSection
	GlobalSection(SolutionProperties) = preSolution
		HideSolutionNode = FALSE
	EndGlobalSection
	GlobalSection(ExtensibilityGlobals) = postSolution
		SolutionGuid = {783653F7-13F4-45BB-9D3A-6FD268E9B37A}
	EndGlobalSection
EndGlobal
